
Microsoft Visual Studio Solution File, Format Version 12.00
# Visual Studio Version 16
VisualStudioVersion = 16.0.31402.337
MinimumVisualStudioVersion = 10.0.40219.1
Project("{8BC9CEB8-8B4A-11D0-8D11-00A0C91BC942}") = "01_Initializer", "01_Initializer\01_Initializer.vcxproj", "{7272A233-64A0-4FFF-972A-57D33DBA8EF6}"
EndProject
Project("{8BC9CEB8-8B4A-11D0-8D11-00A0C91BC942}") = "02_Refactoring", "02_Refactoring\02_Refactoring.vcxproj", "{8B4D8CCA-219A-4367-A01F-A5DD3C7FA11D}"
EndProject
Global
	GlobalSection(SolutionConfigurationPlatforms) = preSolution
		Debug|x64 = Debug|x64
		Debug|x86 = Debug|x86
		Release|x64 = Release|x64
		Release|x86 = Release|x86
	EndGlobalSection
	GlobalSection(ProjectConfigurationPlatforms) = postSolution
		{7272A233-64A0-4FFF-972A-57D33DBA8EF6}.Debug|x64.ActiveCfg = Debug|x64
		{7272A233-64A0-4FFF-972A-57D33DBA8EF6}.Debug|x64.Build.0 = Debug|x64
		{7272A233-64A0-4FFF-972A-57D33DBA8EF6}.Debug|x86.ActiveCfg = Debug|Win32
		{7272A233-64A0-4FFF-972A-57D33DBA8EF6}.Debug|x86.Build.0 = Debug|Win32
		{7272A233-64A0-4FFF-972A-57D33DBA8EF6}.Release|x64.ActiveCfg = Release|x64
		{7272A233-64A0-4FFF-972A-57D33DBA8EF6}.Release|x64.Build.0 = Release|x64
		{7272A233-64A0-4FFF-972A-57D33DBA8EF6}.Release|x86.ActiveCfg = Release|Win32
		{7272A233-64A0-4FFF-972A-57D33DBA8EF6}.Release|x86.Build.0 = Release|Win32
		{8B4D8CCA-219A-4367-A01F-A5DD3C7FA11D}.Debug|x64.ActiveCfg = Debug|x64
		{8B4D8CCA-219A-4367-A01F-A5DD3C7FA11D}.Debug|x64.Build.0 = Debug|x64
		{8B4D8CCA-219A-4367-A01F-A5DD3C7FA11D}.Debug|x86.ActiveCfg = Debug|Win32
		{8B4D8CCA-219A-4367-A01F-A5DD3C7FA11D}.Debug|x86.Build.0 = Debug|Win32
		{8B4D8CCA-219A-4367-A01F-A5DD3C7FA11D}.Release|x64.ActiveCfg = Release|x64
		{8B4D8CCA-219A-4367-A01F-A5DD3C7FA11D}.Release|x64.Build.0 = Release|x64
		{8B4D8CCA-219A-4367-A01F-A5DD3C7FA11D}.Release|x86.ActiveCfg = Release|Win32
		{8B4D8CCA-219A-4367-A01F-A5DD3C7FA11D}.Release|x86.Build.0 = Release|Win32
	EndGlobalSection
	GlobalSection(SolutionProperties) = preSolution
		HideSolutionNode = FALSE
	EndGlobalSection
	GlobalSection(ExtensibilityGlobals) = postSolution
		SolutionGuid = {2FF05064-BAB0-49FE-B8A6-C41CF97C0558}
	EndGlobalSection
EndGlobal
